
Microsoft Visual Studio Solution File, Format Version 12.00
# Visual Studio Version 16
VisualStudioVersion = 16.0.29509.3
MinimumVisualStudioVersion = 10.0.40219.1
Project("{FAE04EC0-301F-11D3-BF4B-00C04F79EFBC}") = "StringProcessing", "StringProcessing\StringProcessing.csproj", "{321B7440-208B-484D-B51B-8708B7FAD6C1}"
EndProject
Project("{FAE04EC0-301F-11D3-BF4B-00C04F79EFBC}") = "DemoLibrary.Tests", "DemoLibrary.Tests\DemoLibrary.Tests.csproj", "{DEE166F9-4262-463A-80C5-0EF20D20A6F3}"
EndProject
Global
	GlobalSection(SolutionConfigurationPlatforms) = preSolution
		Debug|Any CPU = Debug|Any CPU
		Release|Any CPU = Release|Any CPU
	EndGlobalSection
	GlobalSection(ProjectConfigurationPlatforms) = postSolution
		{321B7440-208B-484D-B51B-8708B7FAD6C1}.Debug|Any CPU.ActiveCfg = Debug|Any CPU
		{321B7440-208B-484D-B51B-8708B7FAD6C1}.Debug|Any CPU.Build.0 = Debug|Any CPU
		{321B7440-208B-484D-B51B-8708B7FAD6C1}.Release|Any CPU.ActiveCfg = Release|Any CPU
		{321B7440-208B-484D-B51B-8708B7FAD6C1}.Release|Any CPU.Build.0 = Release|Any CPU
		{DEE166F9-4262-463A-80C5-0EF20D20A6F3}.Debug|Any CPU.ActiveCfg = Debug|Any CPU
		{DEE166F9-4262-463A-80C5-0EF20D20A6F3}.Debug|Any CPU.Build.0 = Debug|Any CPU
		{DEE166F9-4262-463A-80C5-0EF20D20A6F3}.Release|Any CPU.ActiveCfg = Release|Any CPU
		{DEE166F9-4262-463A-80C5-0EF20D20A6F3}.Release|Any CPU.Build.0 = Release|Any CPU
	EndGlobalSection
	GlobalSection(SolutionProperties) = preSolution
		HideSolutionNode = FALSE
	EndGlobalSection
	GlobalSection(ExtensibilityGlobals) = postSolution
		SolutionGuid = {5E1D5639-1543-47C8-9A02-4713408E5EEC}
	EndGlobalSection
EndGlobal
